{
  "name": "website-personal-branding",
  "lockfileVersion": 2,
  "requires": true,
  "packages": {
    "": {
      "dependencies": {
        "mburger-webcomponent": "^3.1.4"
      }
    },
    "node_modules/mburger-webcomponent": {
      "version": "3.1.4",
      "resolved": "https://registry.npmjs.org/mburger-webcomponent/-/mburger-webcomponent-3.1.4.tgz",
      "integrity": "sha512-bYuPKdx6mJt0DsKptBRAeM9gKR4BzOOheELBeGvljtlUHzvzZV8UMwDFjxlvOxBVrn6HMvF6Qhop/D0nH+u2iw=="
    }
  },
  "dependencies": {
    "mburger-webcomponent": {
      "version": "3.1.4",
      "resolved": "https://registry.npmjs.org/mburger-webcomponent/-/mburger-webcomponent-3.1.4.tgz",
      "integrity": "sha512-bYuPKdx6mJt0DsKptBRAeM9gKR4BzOOheELBeGvljtlUHzvzZV8UMwDFjxlvOxBVrn6HMvF6Qhop/D0nH+u2iw=="
    }
  }
}
